
Microsoft Visual Studio Solution File, Format Version 12.00
# Visual Studio 15
VisualStudioVersion = 15.0.27703.2047
MinimumVisualStudioVersion = 10.0.40219.1
Project("{FAE04EC0-301F-11D3-BF4B-00C04F79EFBC}") = "DesignPatterns", "DesignPatterns\DesignPatterns.csproj", "{0F9B4087-578C-403B-8F37-E64AA26E685B}"
EndProject
Global
	GlobalSection(SolutionConfigurationPlatforms) = preSolution
		Debug|Any CPU = Debug|Any CPU
		Release|Any CPU = Release|Any CPU
	EndGlobalSection
	GlobalSection(ProjectConfigurationPlatforms) = postSolution
		{0F9B4087-578C-403B-8F37-E64AA26E685B}.Debug|Any CPU.ActiveCfg = Debug|Any CPU
		{0F9B4087-578C-403B-8F37-E64AA26E685B}.Debug|Any CPU.Build.0 = Debug|Any CPU
		{0F9B4087-578C-403B-8F37-E64AA26E685B}.Release|Any CPU.ActiveCfg = Release|Any CPU
		{0F9B4087-578C-403B-8F37-E64AA26E685B}.Release|Any CPU.Build.0 = Release|Any CPU
	EndGlobalSection
	GlobalSection(SolutionProperties) = preSolution
		HideSolutionNode = FALSE
	EndGlobalSection
	GlobalSection(ExtensibilityGlobals) = postSolution
		SolutionGuid = {BF0BD15B-1168-4419-9EFF-D0A89C83556C}
	EndGlobalSection
EndGlobal
